
Microsoft Visual Studio Solution File, Format Version 12.00
# Visual Studio 15
VisualStudioVersion = 15.0.28010.2036
MinimumVisualStudioVersion = 10.0.40219.1
Project("{FAE04EC0-301F-11D3-BF4B-00C04F79EFBC}") = "ReadHelper", "ReadHelper\ReadHelper.csproj", "{EF36888F-5BDE-46B1-A90A-58B91B6C835A}"
EndProject
Global
	GlobalSection(SolutionConfigurationPlatforms) = preSolution
		Debug|Any CPU = Debug|Any CPU
		Release|Any CPU = Release|Any CPU
	EndGlobalSection
	GlobalSection(ProjectConfigurationPlatforms) = postSolution
		{EF36888F-5BDE-46B1-A90A-58B91B6C835A}.Debug|Any CPU.ActiveCfg = Debug|Any CPU
		{EF36888F-5BDE-46B1-A90A-58B91B6C835A}.Debug|Any CPU.Build.0 = Debug|Any CPU
		{EF36888F-5BDE-46B1-A90A-58B91B6C835A}.Release|Any CPU.ActiveCfg = Release|Any CPU
		{EF36888F-5BDE-46B1-A90A-58B91B6C835A}.Release|Any CPU.Build.0 = Release|Any CPU
	EndGlobalSection
	GlobalSection(SolutionProperties) = preSolution
		HideSolutionNode = FALSE
	EndGlobalSection
	GlobalSection(ExtensibilityGlobals) = postSolution
		SolutionGuid = {4B285A18-8252-4565-AF35-F63C819EF2EF}
	EndGlobalSection
EndGlobal
